
Microsoft Visual Studio Solution File, Format Version 12.00
# Visual Studio 15
VisualStudioVersion = 15.0.26730.16
MinimumVisualStudioVersion = 10.0.40219.1
Project("{FAE04EC0-301F-11D3-BF4B-00C04F79EFBC}") = "WpfAddinTest", "WpfAddinTest\WpfAddinTest.csproj", "{C40A8BA1-4BF1-43CE-AED1-766212C668C4}"
EndProject
Project("{2150E333-8FDC-42A3-9474-1A3956D46DE8}") = "Pipeline", "Pipeline", "{2D946ADD-701D-4435-A9CC-8F503424BAB8}"
EndProject
Project("{FAE04EC0-301F-11D3-BF4B-00C04F79EFBC}") = "AddIn.Contracts", "AddIn.Contracts\AddIn.Contracts.csproj", "{7FE3C8E9-F232-4A7F-8323-9940453F159B}"
EndProject
Project("{FAE04EC0-301F-11D3-BF4B-00C04F79EFBC}") = "AddIn.Host.Views", "AddIn.Host.Views\AddIn.Host.Views.csproj", "{25414FF2-91E9-43ED-B7C6-82C278FF8F77}"
EndProject
Project("{FAE04EC0-301F-11D3-BF4B-00C04F79EFBC}") = "AddIn.Plugin.Views", "AddIn.Plugin.Views\AddIn.Plugin.Views.csproj", "{1F61D8F2-EAED-4EFE-A992-9335FD209ECD}"
EndProject
Project("{FAE04EC0-301F-11D3-BF4B-00C04F79EFBC}") = "AddIn.Host.Adapters", "AddIn.Host.Adapters\AddIn.Host.Adapters.csproj", "{F82E2E45-5E88-4B2F-97F8-2B62371AD7E8}"
EndProject
Project("{FAE04EC0-301F-11D3-BF4B-00C04F79EFBC}") = "AddIn.Plugin.Adapters", "AddIn.Plugin.Adapters\AddIn.Plugin.Adapters.csproj", "{4C9171A0-92C4-4FFD-9B7F-83CDF0AC1598}"
EndProject
Project("{FAE04EC0-301F-11D3-BF4B-00C04F79EFBC}") = "Plugin", "Plugin\Plugin.csproj", "{88143A7F-87FD-46FE-8EC6-5F673405BD97}"
EndProject
Global
	GlobalSection(SolutionConfigurationPlatforms) = preSolution
		Debug|Any CPU = Debug|Any CPU
		Release|Any CPU = Release|Any CPU
	EndGlobalSection
	GlobalSection(ProjectConfigurationPlatforms) = postSolution
		{C40A8BA1-4BF1-43CE-AED1-766212C668C4}.Debug|Any CPU.ActiveCfg = Debug|Any CPU
		{C40A8BA1-4BF1-43CE-AED1-766212C668C4}.Debug|Any CPU.Build.0 = Debug|Any CPU
		{C40A8BA1-4BF1-43CE-AED1-766212C668C4}.Release|Any CPU.ActiveCfg = Release|Any CPU
		{C40A8BA1-4BF1-43CE-AED1-766212C668C4}.Release|Any CPU.Build.0 = Release|Any CPU
		{7FE3C8E9-F232-4A7F-8323-9940453F159B}.Debug|Any CPU.ActiveCfg = Debug|Any CPU
		{7FE3C8E9-F232-4A7F-8323-9940453F159B}.Debug|Any CPU.Build.0 = Debug|Any CPU
		{7FE3C8E9-F232-4A7F-8323-9940453F159B}.Release|Any CPU.ActiveCfg = Release|Any CPU
		{7FE3C8E9-F232-4A7F-8323-9940453F159B}.Release|Any CPU.Build.0 = Release|Any CPU
		{25414FF2-91E9-43ED-B7C6-82C278FF8F77}.Debug|Any CPU.ActiveCfg = Debug|Any CPU
		{25414FF2-91E9-43ED-B7C6-82C278FF8F77}.Debug|Any CPU.Build.0 = Debug|Any CPU
		{25414FF2-91E9-43ED-B7C6-82C278FF8F77}.Release|Any CPU.ActiveCfg = Release|Any CPU
		{25414FF2-91E9-43ED-B7C6-82C278FF8F77}.Release|Any CPU.Build.0 = Release|Any CPU
		{1F61D8F2-EAED-4EFE-A992-9335FD209ECD}.Debug|Any CPU.ActiveCfg = Debug|Any CPU
		{1F61D8F2-EAED-4EFE-A992-9335FD209ECD}.Debug|Any CPU.Build.0 = Debug|Any CPU
		{1F61D8F2-EAED-4EFE-A992-9335FD209ECD}.Release|Any CPU.ActiveCfg = Release|Any CPU
		{1F61D8F2-EAED-4EFE-A992-9335FD209ECD}.Release|Any CPU.Build.0 = Release|Any CPU
		{F82E2E45-5E88-4B2F-97F8-2B62371AD7E8}.Debug|Any CPU.ActiveCfg = Debug|Any CPU
		{F82E2E45-5E88-4B2F-97F8-2B62371AD7E8}.Debug|Any CPU.Build.0 = Debug|Any CPU
		{F82E2E45-5E88-4B2F-97F8-2B62371AD7E8}.Release|Any CPU.ActiveCfg = Release|Any CPU
		{F82E2E45-5E88-4B2F-97F8-2B62371AD7E8}.Release|Any CPU.Build.0 = Release|Any CPU
		{4C9171A0-92C4-4FFD-9B7F-83CDF0AC1598}.Debug|Any CPU.ActiveCfg = Debug|Any CPU
		{4C9171A0-92C4-4FFD-9B7F-83CDF0AC1598}.Debug|Any CPU.Build.0 = Debug|Any CPU
		{4C9171A0-92C4-4FFD-9B7F-83CDF0AC1598}.Release|Any CPU.ActiveCfg = Release|Any CPU
		{4C9171A0-92C4-4FFD-9B7F-83CDF0AC1598}.Release|Any CPU.Build.0 = Release|Any CPU
		{88143A7F-87FD-46FE-8EC6-5F673405BD97}.Debug|Any CPU.ActiveCfg = Debug|Any CPU
		{88143A7F-87FD-46FE-8EC6-5F673405BD97}.Debug|Any CPU.Build.0 = Debug|Any CPU
		{88143A7F-87FD-46FE-8EC6-5F673405BD97}.Release|Any CPU.ActiveCfg = Release|Any CPU
		{88143A7F-87FD-46FE-8EC6-5F673405BD97}.Release|Any CPU.Build.0 = Release|Any CPU
	EndGlobalSection
	GlobalSection(SolutionProperties) = preSolution
		HideSolutionNode = FALSE
	EndGlobalSection
	GlobalSection(NestedProjects) = preSolution
		{7FE3C8E9-F232-4A7F-8323-9940453F159B} = {2D946ADD-701D-4435-A9CC-8F503424BAB8}
		{25414FF2-91E9-43ED-B7C6-82C278FF8F77} = {2D946ADD-701D-4435-A9CC-8F503424BAB8}
		{1F61D8F2-EAED-4EFE-A992-9335FD209ECD} = {2D946ADD-701D-4435-A9CC-8F503424BAB8}
		{F82E2E45-5E88-4B2F-97F8-2B62371AD7E8} = {2D946ADD-701D-4435-A9CC-8F503424BAB8}
		{4C9171A0-92C4-4FFD-9B7F-83CDF0AC1598} = {2D946ADD-701D-4435-A9CC-8F503424BAB8}
	EndGlobalSection
	GlobalSection(ExtensibilityGlobals) = postSolution
		SolutionGuid = {8A1817F7-3ACC-4DB7-8E87-D4261B0F675C}
	EndGlobalSection
EndGlobal
